// !$*UTF8*$!
{
	archiveVersion = 1;
	classes = {
	};
	objectVersion = 46;
	objects = {

/* Begin PBXBuildFile section */
		B0091D311D1C1F3800F5BADB /* AppDelegate.swift in Sources */ = {isa = PBXBuildFile; fileRef = B0091D301D1C1F3800F5BADB /* AppDelegate.swift */; };
		B0091D331D1C1F3800F5BADB /* ViewController.swift in Sources */ = {isa = PBXBuildFile; fileRef = B0091D321D1C1F3800F5BADB /* ViewController.swift */; };
		B0091D361D1C1F3800F5BADB /* Main.storyboard in Resources */ = {isa = PBXBuildFile; fileRef = B0091D341D1C1F3800F5BADB /* Main.storyboard */; };
		B0091D381D1C1F3800F5BADB /* Assets.xcassets in Resources */ = {isa = PBXBuildFile; fileRef = B0091D371D1C1F3800F5BADB /* Assets.xcassets */; };
		B0091D3B1D1C1F3800F5BADB /* LaunchScreen.storyboard in Resources */ = {isa = PBXBuildFile; fileRef = B0091D391D1C1F3800F5BADB /* LaunchScreen.storyboard */; };
		B0091D451D1C21FB00F5BADB /* PersonCell.swift in Sources */ = {isa = PBXBuildFile; fileRef = B0091D441D1C21FB00F5BADB /* PersonCell.swift */; };
		B0091D471D207F8E00F5BADB /* Person.swift in Sources */ = {isa = PBXBuildFile; fileRef = B0091D461D207F8E00F5BADB /* Person.swift */; };
/* End PBXBuildFile section */

/* Begin PBXFileReference section */
		B0091D2D1D1C1F3800F5BADB /* Memorari.app */ = {isa = PBXFileReference; explicitFileType = wrapper.application; includeInIndex = 0; path = Memorari.app; sourceTree = BUILT_PRODUCTS_DIR; };
		B0091D301D1C1F3800F5BADB /* AppDelegate.swift */ = {isa = PBXFileReference; lastKnownFileType = sourcecode.swift; path = AppDelegate.swift; sourceTree = "<group>"; };
		B0091D321D1C1F3800F5BADB /* ViewController.swift */ = {isa = PBXFileReference; lastKnownFileType = sourcecode.swift; path = ViewController.swift; sourceTree = "<group>"; };
		B0091D351D1C1F3800F5BADB /* Base */ = {isa = PBXFileReference; lastKnownFileType = file.storyboard; name = Base; path = Base.lproj/Main.storyboard; sourceTree = "<group>"; };
		B0091D371D1C1F3800F5BADB /* Assets.xcassets */ = {isa = PBXFileReference; lastKnownFileType = folder.assetcatalog; path = Assets.xcassets; sourceTree = "<group>"; };
		B0091D3A1D1C1F3800F5BADB /* Base */ = {isa = PBXFileReference; lastKnownFileType = file.storyboard; name = Base; path = Base.lproj/LaunchScreen.storyboard; sourceTree = "<group>"; };
		B0091D3C1D1C1F3800F5BADB /* Info.plist */ = {isa = PBXFileReference; lastKnownFileType = text.plist.xml; path = Info.plist; sourceTree = "<group>"; };
		B0091D441D1C21FB00F5BADB /* PersonCell.swift */ = {isa = PBXFileReference; fileEncoding = 4; lastKnownFileType = sourcecode.swift; path = PersonCell.swift; sourceTree = "<group>"; };
		B0091D461D207F8E00F5BADB /* Person.swift */ = {isa = PBXFileReference; fileEncoding = 4; lastKnownFileType = sourcecode.swift; path = Person.swift; sourceTree = "<group>"; };
/* End PBXFileReference section */

/* Begin PBXFrameworksBuildPhase section */
		B0091D2A1D1C1F3800F5BADB /* Frameworks */ = {
			isa = PBXFrameworksBuildPhase;
			buildActionMask = 2147483647;
			files = (
			);
			runOnlyForDeploymentPostprocessing = 0;
		};
/* End PBXFrameworksBuildPhase section */

/* Begin PBXGroup section */
		B0091D241D1C1F3800F5BADB = {
			isa = PBXGroup;
			children = (
				B0091D2F1D1C1F3800F5BADB /* Memorari */,
				B0091D2E1D1C1F3800F5BADB /* Products */,
			);
			sourceTree = "<group>";
		};
		B0091D2E1D1C1F3800F5BADB /* Products */ = {
			isa = PBXGroup;
			children = (
				B0091D2D1D1C1F3800F5BADB /* Memorari.app */,
			);
			name = Products;
			sourceTree = "<group>";
		};
		B0091D2F1D1C1F3800F5BADB /* Memorari */ = {
			isa = PBXGroup;
			children = (
				B0091D301D1C1F3800F5BADB /* AppDelegate.swift */,
				B0091D321D1C1F3800F5BADB /* ViewController.swift */,
				B0091D341D1C1F3800F5BADB /* Main.storyboard */,
				B0091D371D1C1F3800F5BADB /* Assets.xcassets */,
				B0091D391D1C1F3800F5BADB /* LaunchScreen.storyboard */,
				B0091D3C1D1C1F3800F5BADB /* Info.plist */,
				B0091D441D1C21FB00F5BADB /* PersonCell.swift */,
				B0091D461D207F8E00F5BADB /* Person.swift */,
			);
			path = Memorari;
			sourceTree = "<group>";
		};
/* End PBXGroup section */

/* Begin PBXNativeTarget section */
		B0091D2C1D1C1F3800F5BADB /* Memorari */ = {
			isa = PBXNativeTarget;
			buildConfigurationList = B0091D3F1D1C1F3800F5BADB /* Build configuration list for PBXNativeTarget "Memorari" */;
			buildPhases = (
				B0091D291D1C1F3800F5BADB /* Sources */,
				B0091D2A1D1C1F3800F5BADB /* Frameworks */,
				B0091D2B1D1C1F3800F5BADB /* Resources */,
			);
			buildRules = (
			);
			dependencies = (
			);
			name = Memorari;
			productName = Memorari;
			productReference = B0091D2D1D1C1F3800F5BADB /* Memorari.app */;
			productType = "com.apple.product-type.application";
		};
/* End PBXNativeTarget section */

/* Begin PBXProject section */
		B0091D251D1C1F3800F5BADB /* Project object */ = {
			isa = PBXProject;
			attributes = {
				LastSwiftUpdateCheck = 0730;
				LastUpgradeCheck = 0730;
				ORGANIZATIONNAME = Obsendian;
				TargetAttributes = {
					B0091D2C1D1C1F3800F5BADB = {
						CreatedOnToolsVersion = 7.3.1;
					};
				};
			};
			buildConfigurationList = B0091D281D1C1F3800F5BADB /* Build configuration list for PBXProject "Memorari" */;
			compatibilityVersion = "Xcode 3.2";
			developmentRegion = English;
			hasScannedForEncodings = 0;
			knownRegions = (
				en,
				Base,
			);
			mainGroup = B0091D241D1C1F3800F5BADB;
			productRefGroup = B0091D2E1D1C1F3800F5BADB /* Products */;
			projectDirPath = "";
			projectRoot = "";
			targets = (
				B0091D2C1D1C1F3800F5BADB /* Memorari */,
			);
		};
/* End PBXProject section */

/* Begin PBXResourcesBuildPhase section */
		B0091D2B1D1C1F3800F5BADB /* Resources */ = {
			isa = PBXResourcesBuildPhase;
			buildActionMask = 2147483647;
			files = (
				B0091D3B1D1C1F3800F5BADB /* LaunchScreen.storyboard in Resources */,
				B0091D381D1C1F3800F5BADB /* Assets.xcassets in Resources */,
				B0091D361D1C1F3800F5BADB /* Main.storyboard in Resources */,
			);
			runOnlyForDeploymentPostprocessing = 0;
		};
/* End PBXResourcesBuildPhase section */

/* Begin PBXSourcesBuildPhase section */
		B0091D291D1C1F3800F5BADB /* Sources */ = {
			isa = PBXSourcesBuildPhase;
			buildActionMask = 2147483647;
			files = (
				B0091D451D1C21FB00F5BADB /* PersonCell.swift in Sources */,
				B0091D331D1C1F3800F5BADB /* ViewController.swift in Sources */,
				B0091D471D207F8E00F5BADB /* Person.swift in Sources */,
				B0091D311D1C1F3800F5BADB /* AppDelegate.swift in Sources */,
			);
			runOnlyForDeploymentPostprocessing = 0;
		};
/* End PBXSourcesBuildPhase section */

/* Begin PBXVariantGroup section */
		B0091D341D1C1F3800F5BADB /* Main.storyboard */ = {
			isa = PBXVariantGroup;
			children = (
				B0091D351D1C1F3800F5BADB /* Base */,
			);
			name = Main.storyboard;
			sourceTree = "<group>";
		};
		B0091D391D1C1F3800F5BADB /* LaunchScreen.storyboard */ = {
			isa = PBXVariantGroup;
			children = (
				B0091D3A1D1C1F3800F5BADB /* Base */,
			);
			name = LaunchScreen.storyboard;
			sourceTree = "<group>";
		};
/* End PBXVariantGroup section */

/* Begin XCBuildConfiguration section */
		B0091D3D1D1C1F3800F5BADB /* Debug */ = {
			isa = XCBuildConfiguration;
			buildSettings = {
				ALWAYS_SEARCH_USER_PATHS = NO;
				CLANG_ANALYZER_NONNULL = YES;
				CLANG_CXX_LANGUAGE_STANDARD = "gnu++0x";
				CLANG_CXX_LIBRARY = "libc++";
				CLANG_ENABLE_MODULES = YES;
				CLANG_ENABLE_OBJC_ARC = YES;
				CLANG_WARN_BOOL_CONVERSION = YES;
				CLANG_WARN_CONSTANT_CONVERSION = YES;
				CLANG_WARN_DIRECT_OBJC_ISA_USAGE = YES_ERROR;
				CLANG_WARN_EMPTY_BODY = YES;
				CLANG_WARN_ENUM_CONVERSION = YES;
				CLANG_WARN_INT_CONVERSION = YES;
				CLANG_WARN_OBJC_ROOT_CLASS = YES_ERROR;
				CLANG_WARN_UNREACHABLE_CODE = YES;
				CLANG_WARN__DUPLICATE_METHOD_MATCH = YES;
				"CODE_SIGN_IDENTITY[sdk=iphoneos*]" = "iPhone Developer";
				COPY_PHASE_STRIP = NO;
				DEBUG_INFORMATION_FORMAT = dwarf;
				ENABLE_STRICT_OBJC_MSGSEND = YES;
				ENABLE_TESTABILITY = YES;
				GCC_C_LANGUAGE_STANDARD = gnu99;
				GCC_DYNAMIC_NO_PIC = NO;
				GCC_NO_COMMON_BLOCKS = YES;
				GCC_OPTIMIZATION_LEVEL = 0;
				GCC_PREPROCESSOR_DEFINITIONS = (
					"DEBUG=1",
					"$(inherited)",
				);
				GCC_WARN_64_TO_32_BIT_CONVERSION = YES;
				GCC_WARN_ABOUT_RETURN_TYPE = YES_ERROR;
				GCC_WARN_UNDECLARED_SELECTOR = YES;
				GCC_WARN_UNINITIALIZED_AUTOS = YES_AGGRESSIVE;
				GCC_WARN_UNUSED_FUNCTION = YES;
				GCC_WARN_UNUSED_VARIABLE = YES;
				IPHONEOS_DEPLOYMENT_TARGET = 9.3;
				MTL_ENABLE_DEBUG_INFO = YES;
				ONLY_ACTIVE_ARCH = YES;
				SDKROOT = iphoneos;
				SWIFT_OPTIMIZATION_LEVEL = "-Onone";
			};
			name = Debug;
		};
		B0091D3E1D1C1F3800F5BADB /* Release */ = {
			isa = XCBuildConfiguration;
			buildSettings = {
				ALWAYS_SEARCH_USER_PATHS = NO;
				CLANG_ANALYZER_NONNULL = YES;
				CLANG_CXX_LANGUAGE_STANDARD = "gnu++0x";
				CLANG_CXX_LIBRARY = "libc++";
				CLANG_ENABLE_MODULES = YES;
				CLANG_ENABLE_OBJC_ARC = YES;
				CLANG_WARN_BOOL_CONVERSION = YES;
				CLANG_WARN_CONSTANT_CONVERSION = YES;
				CLANG_WARN_DIRECT_OBJC_ISA_USAGE = YES_ERROR;
				CLANG_WARN_EMPTY_BODY = YES;
				CLANG_WARN_ENUM_CONVERSION = YES;
				CLANG_WARN_INT_CONVERSION = YES;
				CLANG_WARN_OBJC_ROOT_CLASS = YES_ERROR;
				CLANG_WARN_UNREACHABLE_CODE = YES;
				CLANG_WARN__DUPLICATE_METHOD_MATCH = YES;
				"CODE_SIGN_IDENTITY[sdk=iphoneos*]" = "iPhone Developer";
				COPY_PHASE_STRIP = NO;
				DEBUG_INFORMATION_FORMAT = "dwarf-with-dsym";
				ENABLE_NS_ASSERTIONS = NO;
				ENABLE_STRICT_OBJC_MSGSEND = YES;
				GCC_C_LANGUAGE_STANDARD = gnu99;
				GCC_NO_COMMON_BLOCKS = YES;
				GCC_WARN_64_TO_32_BIT_CONVERSION = YES;
				GCC_WARN_ABOUT_RETURN_TYPE = YES_ERROR;
				GCC_WARN_UNDECLARED_SELECTOR = YES;
				GCC_WARN_UNINITIALIZED_AUTOS = YES_AGGRESSIVE;
				GCC_WARN_UNUSED_FUNCTION = YES;
				GCC_WARN_UNUSED_VARIABLE = YES;
				IPHONEOS_DEPLOYMENT_TARGET = 9.3;
				MTL_ENABLE_DEBUG_INFO = NO;
				SDKROOT = iphoneos;
				VALIDATE_PRODUCT = YES;
			};
			name = Release;
		};
		B0091D401D1C1F3800F5BADB /* Debug */ = {
			isa = XCBuildConfiguration;
			buildSettings = {
				ASSETCATALOG_COMPILER_APPICON_NAME = AppIcon;
				INFOPLIST_FILE = Memorari/Info.plist;
				LD_RUNPATH_SEARCH_PATHS = "$(inherited) @executable_path/Frameworks";
				PRODUCT_BUNDLE_IDENTIFIER = PF.Memorari;
				PRODUCT_NAME = "$(TARGET_NAME)";
			};
			name = Debug;
		};
		B0091D411D1C1F3800F5BADB /* Release */ = {
			isa = XCBuildConfiguration;
			buildSettings = {
				ASSETCATALOG_COMPILER_APPICON_NAME = AppIcon;
				INFOPLIST_FILE = Memorari/Info.plist;
				LD_RUNPATH_SEARCH_PATHS = "$(inherited) @executable_path/Frameworks";
				PRODUCT_BUNDLE_IDENTIFIER = PF.Memorari;
				PRODUCT_NAME = "$(TARGET_NAME)";
			};
			name = Release;
		};
/* End XCBuildConfiguration section */

/* Begin XCConfigurationList section */
		B0091D281D1C1F3800F5BADB /* Build configuration list for PBXProject "Memorari" */ = {
			isa = XCConfigurationList;
			buildConfigurations = (
				B0091D3D1D1C1F3800F5BADB /* Debug */,
				B0091D3E1D1C1F3800F5BADB /* Release */,
			);
			defaultConfigurationIsVisible = 0;
			defaultConfigurationName = Release;
		};
		B0091D3F1D1C1F3800F5BADB /* Build configuration list for PBXNativeTarget "Memorari" */ = {
			isa = XCConfigurationList;
			buildConfigurations = (
				B0091D401D1C1F3800F5BADB /* Debug */,
				B0091D411D1C1F3800F5BADB /* Release */,
			);
			defaultConfigurationIsVisible = 0;
			defaultConfigurationName = Release;
		};
/* End XCConfigurationList section */
	};
	rootObject = B0091D251D1C1F3800F5BADB /* Project object */;
}
