// !$*UTF8*$!
{
	archiveVersion = 1;
	classes = {
	};
	objectVersion = 46;
	objects = {

/* Begin PBXBuildFile section */
		B043D0BD1D085FE8002FA2FD /* AppDelegate.swift in Sources */ = {isa = PBXBuildFile; fileRef = B043D0BC1D085FE8002FA2FD /* AppDelegate.swift */; };
		B043D0BF1D085FE8002FA2FD /* MasterViewController.swift in Sources */ = {isa = PBXBuildFile; fileRef = B043D0BE1D085FE8002FA2FD /* MasterViewController.swift */; };
		B043D0C41D085FE8002FA2FD /* Main.storyboard in Resources */ = {isa = PBXBuildFile; fileRef = B043D0C21D085FE8002FA2FD /* Main.storyboard */; };
		B043D0C61D085FE8002FA2FD /* Assets.xcassets in Resources */ = {isa = PBXBuildFile; fileRef = B043D0C51D085FE8002FA2FD /* Assets.xcassets */; };
		B043D0C91D085FE8002FA2FD /* LaunchScreen.storyboard in Resources */ = {isa = PBXBuildFile; fileRef = B043D0C71D085FE8002FA2FD /* LaunchScreen.storyboard */; };
		B043D0D11D08BBD4002FA2FD /* start.txt in Resources */ = {isa = PBXBuildFile; fileRef = B043D0D01D08BBD4002FA2FD /* start.txt */; };
/* End PBXBuildFile section */

/* Begin PBXFileReference section */
		B043D0B91D085FE8002FA2FD /* Scrambles.app */ = {isa = PBXFileReference; explicitFileType = wrapper.application; includeInIndex = 0; path = Scrambles.app; sourceTree = BUILT_PRODUCTS_DIR; };
		B043D0BC1D085FE8002FA2FD /* AppDelegate.swift */ = {isa = PBXFileReference; lastKnownFileType = sourcecode.swift; path = AppDelegate.swift; sourceTree = "<group>"; };
		B043D0BE1D085FE8002FA2FD /* MasterViewController.swift */ = {isa = PBXFileReference; lastKnownFileType = sourcecode.swift; path = MasterViewController.swift; sourceTree = "<group>"; };
		B043D0C31D085FE8002FA2FD /* Base */ = {isa = PBXFileReference; lastKnownFileType = file.storyboard; name = Base; path = Base.lproj/Main.storyboard; sourceTree = "<group>"; };
		B043D0C51D085FE8002FA2FD /* Assets.xcassets */ = {isa = PBXFileReference; lastKnownFileType = folder.assetcatalog; path = Assets.xcassets; sourceTree = "<group>"; };
		B043D0C81D085FE8002FA2FD /* Base */ = {isa = PBXFileReference; lastKnownFileType = file.storyboard; name = Base; path = Base.lproj/LaunchScreen.storyboard; sourceTree = "<group>"; };
		B043D0CA1D085FE8002FA2FD /* Info.plist */ = {isa = PBXFileReference; lastKnownFileType = text.plist.xml; path = Info.plist; sourceTree = "<group>"; };
		B043D0D01D08BBD4002FA2FD /* start.txt */ = {isa = PBXFileReference; fileEncoding = 4; lastKnownFileType = text; path = start.txt; sourceTree = "<group>"; };
/* End PBXFileReference section */

/* Begin PBXFrameworksBuildPhase section */
		B043D0B61D085FE8002FA2FD /* Frameworks */ = {
			isa = PBXFrameworksBuildPhase;
			buildActionMask = 2147483647;
			files = (
			);
			runOnlyForDeploymentPostprocessing = 0;
		};
/* End PBXFrameworksBuildPhase section */

/* Begin PBXGroup section */
		B043D0B01D085FE8002FA2FD = {
			isa = PBXGroup;
			children = (
				B043D0BB1D085FE8002FA2FD /* Scrambles */,
				B043D0BA1D085FE8002FA2FD /* Products */,
			);
			sourceTree = "<group>";
		};
		B043D0BA1D085FE8002FA2FD /* Products */ = {
			isa = PBXGroup;
			children = (
				B043D0B91D085FE8002FA2FD /* Scrambles.app */,
			);
			name = Products;
			sourceTree = "<group>";
		};
		B043D0BB1D085FE8002FA2FD /* Scrambles */ = {
			isa = PBXGroup;
			children = (
				B043D0BC1D085FE8002FA2FD /* AppDelegate.swift */,
				B043D0BE1D085FE8002FA2FD /* MasterViewController.swift */,
				B043D0C21D085FE8002FA2FD /* Main.storyboard */,
				B043D0C51D085FE8002FA2FD /* Assets.xcassets */,
				B043D0C71D085FE8002FA2FD /* LaunchScreen.storyboard */,
				B043D0CA1D085FE8002FA2FD /* Info.plist */,
				B043D0D01D08BBD4002FA2FD /* start.txt */,
			);
			path = Scrambles;
			sourceTree = "<group>";
		};
/* End PBXGroup section */

/* Begin PBXNativeTarget section */
		B043D0B81D085FE8002FA2FD /* Scrambles */ = {
			isa = PBXNativeTarget;
			buildConfigurationList = B043D0CD1D085FE8002FA2FD /* Build configuration list for PBXNativeTarget "Scrambles" */;
			buildPhases = (
				B043D0B51D085FE8002FA2FD /* Sources */,
				B043D0B61D085FE8002FA2FD /* Frameworks */,
				B043D0B71D085FE8002FA2FD /* Resources */,
			);
			buildRules = (
			);
			dependencies = (
			);
			name = Scrambles;
			productName = Scrambles;
			productReference = B043D0B91D085FE8002FA2FD /* Scrambles.app */;
			productType = "com.apple.product-type.application";
		};
/* End PBXNativeTarget section */

/* Begin PBXProject section */
		B043D0B11D085FE8002FA2FD /* Project object */ = {
			isa = PBXProject;
			attributes = {
				LastSwiftUpdateCheck = 0730;
				LastUpgradeCheck = 0730;
				ORGANIZATIONNAME = Kindness;
				TargetAttributes = {
					B043D0B81D085FE8002FA2FD = {
						CreatedOnToolsVersion = 7.3.1;
						DevelopmentTeam = K4998ZNNZR;
					};
				};
			};
			buildConfigurationList = B043D0B41D085FE8002FA2FD /* Build configuration list for PBXProject "Scrambles" */;
			compatibilityVersion = "Xcode 3.2";
			developmentRegion = English;
			hasScannedForEncodings = 0;
			knownRegions = (
				en,
				Base,
			);
			mainGroup = B043D0B01D085FE8002FA2FD;
			productRefGroup = B043D0BA1D085FE8002FA2FD /* Products */;
			projectDirPath = "";
			projectRoot = "";
			targets = (
				B043D0B81D085FE8002FA2FD /* Scrambles */,
			);
		};
/* End PBXProject section */

/* Begin PBXResourcesBuildPhase section */
		B043D0B71D085FE8002FA2FD /* Resources */ = {
			isa = PBXResourcesBuildPhase;
			buildActionMask = 2147483647;
			files = (
				B043D0C91D085FE8002FA2FD /* LaunchScreen.storyboard in Resources */,
				B043D0D11D08BBD4002FA2FD /* start.txt in Resources */,
				B043D0C61D085FE8002FA2FD /* Assets.xcassets in Resources */,
				B043D0C41D085FE8002FA2FD /* Main.storyboard in Resources */,
			);
			runOnlyForDeploymentPostprocessing = 0;
		};
/* End PBXResourcesBuildPhase section */

/* Begin PBXSourcesBuildPhase section */
		B043D0B51D085FE8002FA2FD /* Sources */ = {
			isa = PBXSourcesBuildPhase;
			buildActionMask = 2147483647;
			files = (
				B043D0BF1D085FE8002FA2FD /* MasterViewController.swift in Sources */,
				B043D0BD1D085FE8002FA2FD /* AppDelegate.swift in Sources */,
			);
			runOnlyForDeploymentPostprocessing = 0;
		};
/* End PBXSourcesBuildPhase section */

/* Begin PBXVariantGroup section */
		B043D0C21D085FE8002FA2FD /* Main.storyboard */ = {
			isa = PBXVariantGroup;
			children = (
				B043D0C31D085FE8002FA2FD /* Base */,
			);
			name = Main.storyboard;
			sourceTree = "<group>";
		};
		B043D0C71D085FE8002FA2FD /* LaunchScreen.storyboard */ = {
			isa = PBXVariantGroup;
			children = (
				B043D0C81D085FE8002FA2FD /* Base */,
			);
			name = LaunchScreen.storyboard;
			sourceTree = "<group>";
		};
/* End PBXVariantGroup section */

/* Begin XCBuildConfiguration section */
		B043D0CB1D085FE8002FA2FD /* Debug */ = {
			isa = XCBuildConfiguration;
			buildSettings = {
				ALWAYS_SEARCH_USER_PATHS = NO;
				CLANG_ANALYZER_NONNULL = YES;
				CLANG_CXX_LANGUAGE_STANDARD = "gnu++0x";
				CLANG_CXX_LIBRARY = "libc++";
				CLANG_ENABLE_MODULES = YES;
				CLANG_ENABLE_OBJC_ARC = YES;
				CLANG_WARN_BOOL_CONVERSION = YES;
				CLANG_WARN_CONSTANT_CONVERSION = YES;
				CLANG_WARN_DIRECT_OBJC_ISA_USAGE = YES_ERROR;
				CLANG_WARN_EMPTY_BODY = YES;
				CLANG_WARN_ENUM_CONVERSION = YES;
				CLANG_WARN_INT_CONVERSION = YES;
				CLANG_WARN_OBJC_ROOT_CLASS = YES_ERROR;
				CLANG_WARN_UNREACHABLE_CODE = YES;
				CLANG_WARN__DUPLICATE_METHOD_MATCH = YES;
				"CODE_SIGN_IDENTITY[sdk=iphoneos*]" = "iPhone Developer";
				COPY_PHASE_STRIP = NO;
				DEBUG_INFORMATION_FORMAT = dwarf;
				ENABLE_STRICT_OBJC_MSGSEND = YES;
				ENABLE_TESTABILITY = YES;
				GCC_C_LANGUAGE_STANDARD = gnu99;
				GCC_DYNAMIC_NO_PIC = NO;
				GCC_NO_COMMON_BLOCKS = YES;
				GCC_OPTIMIZATION_LEVEL = 0;
				GCC_PREPROCESSOR_DEFINITIONS = (
					"DEBUG=1",
					"$(inherited)",
				);
				GCC_WARN_64_TO_32_BIT_CONVERSION = YES;
				GCC_WARN_ABOUT_RETURN_TYPE = YES_ERROR;
				GCC_WARN_UNDECLARED_SELECTOR = YES;
				GCC_WARN_UNINITIALIZED_AUTOS = YES_AGGRESSIVE;
				GCC_WARN_UNUSED_FUNCTION = YES;
				GCC_WARN_UNUSED_VARIABLE = YES;
				IPHONEOS_DEPLOYMENT_TARGET = 9.3;
				MTL_ENABLE_DEBUG_INFO = YES;
				ONLY_ACTIVE_ARCH = YES;
				SDKROOT = iphoneos;
				SWIFT_OPTIMIZATION_LEVEL = "-Onone";
			};
			name = Debug;
		};
		B043D0CC1D085FE8002FA2FD /* Release */ = {
			isa = XCBuildConfiguration;
			buildSettings = {
				ALWAYS_SEARCH_USER_PATHS = NO;
				CLANG_ANALYZER_NONNULL = YES;
				CLANG_CXX_LANGUAGE_STANDARD = "gnu++0x";
				CLANG_CXX_LIBRARY = "libc++";
				CLANG_ENABLE_MODULES = YES;
				CLANG_ENABLE_OBJC_ARC = YES;
				CLANG_WARN_BOOL_CONVERSION = YES;
				CLANG_WARN_CONSTANT_CONVERSION = YES;
				CLANG_WARN_DIRECT_OBJC_ISA_USAGE = YES_ERROR;
				CLANG_WARN_EMPTY_BODY = YES;
				CLANG_WARN_ENUM_CONVERSION = YES;
				CLANG_WARN_INT_CONVERSION = YES;
				CLANG_WARN_OBJC_ROOT_CLASS = YES_ERROR;
				CLANG_WARN_UNREACHABLE_CODE = YES;
				CLANG_WARN__DUPLICATE_METHOD_MATCH = YES;
				"CODE_SIGN_IDENTITY[sdk=iphoneos*]" = "iPhone Developer";
				COPY_PHASE_STRIP = NO;
				DEBUG_INFORMATION_FORMAT = "dwarf-with-dsym";
				ENABLE_NS_ASSERTIONS = NO;
				ENABLE_STRICT_OBJC_MSGSEND = YES;
				GCC_C_LANGUAGE_STANDARD = gnu99;
				GCC_NO_COMMON_BLOCKS = YES;
				GCC_WARN_64_TO_32_BIT_CONVERSION = YES;
				GCC_WARN_ABOUT_RETURN_TYPE = YES_ERROR;
				GCC_WARN_UNDECLARED_SELECTOR = YES;
				GCC_WARN_UNINITIALIZED_AUTOS = YES_AGGRESSIVE;
				GCC_WARN_UNUSED_FUNCTION = YES;
				GCC_WARN_UNUSED_VARIABLE = YES;
				IPHONEOS_DEPLOYMENT_TARGET = 9.3;
				MTL_ENABLE_DEBUG_INFO = NO;
				SDKROOT = iphoneos;
				VALIDATE_PRODUCT = YES;
			};
			name = Release;
		};
		B043D0CE1D085FE8002FA2FD /* Debug */ = {
			isa = XCBuildConfiguration;
			buildSettings = {
				ASSETCATALOG_COMPILER_APPICON_NAME = AppIcon;
				INFOPLIST_FILE = Scrambles/Info.plist;
				LD_RUNPATH_SEARCH_PATHS = "$(inherited) @executable_path/Frameworks";
				PRODUCT_BUNDLE_IDENTIFIER = PF.Scrambles;
				PRODUCT_NAME = "$(TARGET_NAME)";
			};
			name = Debug;
		};
		B043D0CF1D085FE8002FA2FD /* Release */ = {
			isa = XCBuildConfiguration;
			buildSettings = {
				ASSETCATALOG_COMPILER_APPICON_NAME = AppIcon;
				INFOPLIST_FILE = Scrambles/Info.plist;
				LD_RUNPATH_SEARCH_PATHS = "$(inherited) @executable_path/Frameworks";
				PRODUCT_BUNDLE_IDENTIFIER = PF.Scrambles;
				PRODUCT_NAME = "$(TARGET_NAME)";
			};
			name = Release;
		};
/* End XCBuildConfiguration section */

/* Begin XCConfigurationList section */
		B043D0B41D085FE8002FA2FD /* Build configuration list for PBXProject "Scrambles" */ = {
			isa = XCConfigurationList;
			buildConfigurations = (
				B043D0CB1D085FE8002FA2FD /* Debug */,
				B043D0CC1D085FE8002FA2FD /* Release */,
			);
			defaultConfigurationIsVisible = 0;
			defaultConfigurationName = Release;
		};
		B043D0CD1D085FE8002FA2FD /* Build configuration list for PBXNativeTarget "Scrambles" */ = {
			isa = XCConfigurationList;
			buildConfigurations = (
				B043D0CE1D085FE8002FA2FD /* Debug */,
				B043D0CF1D085FE8002FA2FD /* Release */,
			);
			defaultConfigurationIsVisible = 0;
		};
/* End XCConfigurationList section */
	};
	rootObject = B043D0B11D085FE8002FA2FD /* Project object */;
}
